
Microsoft Visual Studio Solution File, Format Version 12.00
# Visual Studio Version 17
VisualStudioVersion = 17.1.32328.378
MinimumVisualStudioVersion = 10.0.40219.1
Project("{FAE04EC0-301F-11D3-BF4B-00C04F79EFBC}") = "StreamReaderWriterJsonXml", "StreamReaderWriterJsonXml\StreamReaderWriterJsonXml.csproj", "{4FAE3A9D-A8F1-43E0-996A-4C2041CE965B}"
EndProject
Global
	GlobalSection(SolutionConfigurationPlatforms) = preSolution
		Debug|Any CPU = Debug|Any CPU
		Release|Any CPU = Release|Any CPU
	EndGlobalSection
	GlobalSection(ProjectConfigurationPlatforms) = postSolution
		{4FAE3A9D-A8F1-43E0-996A-4C2041CE965B}.Debug|Any CPU.ActiveCfg = Debug|Any CPU
		{4FAE3A9D-A8F1-43E0-996A-4C2041CE965B}.Debug|Any CPU.Build.0 = Debug|Any CPU
		{4FAE3A9D-A8F1-43E0-996A-4C2041CE965B}.Release|Any CPU.ActiveCfg = Release|Any CPU
		{4FAE3A9D-A8F1-43E0-996A-4C2041CE965B}.Release|Any CPU.Build.0 = Release|Any CPU
	EndGlobalSection
	GlobalSection(SolutionProperties) = preSolution
		HideSolutionNode = FALSE
	EndGlobalSection
	GlobalSection(ExtensibilityGlobals) = postSolution
		SolutionGuid = {1C31E2E6-3253-44BE-8750-35BF3CF64819}
	EndGlobalSection
EndGlobal
